
Microsoft Visual Studio Solution File, Format Version 12.00
# Visual Studio Version 17
VisualStudioVersion = 17.5.002.0
MinimumVisualStudioVersion = 10.0.40219.1
Project("{9A19103F-16F7-4668-BE54-9A1E7A4F7556}") = "Desafio-5", "Desafio-5.csproj", "{B50CFFF6-D456-4349-8ADB-9EBF862EC784}"
EndProject
Global
	GlobalSection(SolutionConfigurationPlatforms) = preSolution
		Debug|Any CPU = Debug|Any CPU
		Release|Any CPU = Release|Any CPU
	EndGlobalSection
	GlobalSection(ProjectConfigurationPlatforms) = postSolution
		{B50CFFF6-D456-4349-8ADB-9EBF862EC784}.Debug|Any CPU.ActiveCfg = Debug|Any CPU
		{B50CFFF6-D456-4349-8ADB-9EBF862EC784}.Debug|Any CPU.Build.0 = Debug|Any CPU
		{B50CFFF6-D456-4349-8ADB-9EBF862EC784}.Release|Any CPU.ActiveCfg = Release|Any CPU
		{B50CFFF6-D456-4349-8ADB-9EBF862EC784}.Release|Any CPU.Build.0 = Release|Any CPU
	EndGlobalSection
	GlobalSection(SolutionProperties) = preSolution
		HideSolutionNode = FALSE
	EndGlobalSection
	GlobalSection(ExtensibilityGlobals) = postSolution
		SolutionGuid = {02AE152E-7CF9-40E8-808D-0634B9A0F45B}
	EndGlobalSection
EndGlobal
